<?xml version="1.0" encoding="utf-8"?>
<Project ToolsVersion="4.0" xmlns="http://schemas.microsoft.com/developer/msbuild/2003">
  <ItemGroup>
    <Filter Include="Driver Files">
      <UniqueIdentifier>{8E41214B-6785-4CFE-B992-037D68949A14}</UniqueIdentifier>
      <Extensions>inf;inv;inx;mof;mc;</Extensions>
    </Filter>
    <Filter Include="src">
      <UniqueIdentifier>{167844b7-04fb-4868-8932-d6290cd7e57e}</UniqueIdentifier>
    </Filter>
    <Filter Include="head">
      <UniqueIdentifier>{c3bef6ce-5ecb-46d3-b520-90f854ef0b4b}</UniqueIdentifier>
    </Filter>
    <Filter Include="utils">
      <UniqueIdentifier>{bcc9ec36-2956-4b86-b91d-9764ee17ad57}</UniqueIdentifier>
    </Filter>
  </ItemGroup>
  <ItemGroup>
    <Inf Include="DrvLoader.inf">
      <Filter>Driver Files</Filter>
    </Inf>
  </ItemGroup>
  <ItemGroup>
    <ClInclude Include="DrvLoader.h">
      <Filter>head</Filter>
    </ClInclude>
    <ClInclude Include="Unrevealed.h">
      <Filter>utils</Filter>
    </ClInclude>
    <ClInclude Include="utils.h">
      <Filter>utils</Filter>
    </ClInclude>
    <ClInclude Include="dll.h">
      <Filter>head</Filter>
    </ClInclude>
  </ItemGroup>
  <ItemGroup>
    <ClCompile Include="DrvLoader.c">
      <Filter>src</Filter>
    </ClCompile>
    <ClCompile Include="DrvMain.c">
      <Filter>src</Filter>
    </ClCompile>
    <ClCompile Include="utils.c">
      <Filter>utils</Filter>
    </ClCompile>
  </ItemGroup>
</Project>